using System;
using System.Collections.Generic;
using System.Linq;
using System.Text;
using System.Threading.Tasks;

namespace ConsoleApp1
{
    class Program
    {
        static void Main(string[] args)
        {
            Dictionary<string, double> Score = new Dictionary<string, double>
        {
            { "alice", 3 },
            { "bob", 7.87 },
            { "charlie", 9.001 },
            { "david", 11 },
            { "eve", 13 },
            {"frank",8  },
            { "gracie",9 },
            {"hanah", 9.2 },
            {"issac", 8.86 },
        };
            
            foreach (var score in Score)
            {


                if (score.Value >= 9 && score.Value < 10)
                {
                    Console.WriteLine($"Name:{score.Key}status:passed(ba erfagh) ba nomre:{score.Value}");
                }
                if (score.Value >= 10)
                {
                    Console.WriteLine($"Name:{score.Key} status:passed. ba nomre:{score.Value}");
                }
                else { 
                Console.WriteLine($"Name:{score.Key} status:failed. ba nomre:{score.Value}");
            }


        }
            Console.ReadKey();
        }
    }
}
